
Microsoft Visual Studio Solution File, Format Version 12.00
# Visual Studio Version 17
VisualStudioVersion = 17.11.35303.130
MinimumVisualStudioVersion = 10.0.40219.1
Project("{FAE04EC0-301F-11D3-BF4B-00C04F79EFBC}") = "MedApp", "MedApp\MedApp.csproj", "{69E72FCA-3BF0-4EEB-AB89-D348D48AB442}"
EndProject
Global
	GlobalSection(SolutionConfigurationPlatforms) = preSolution
		Debug|Any CPU = Debug|Any CPU
		Release|Any CPU = Release|Any CPU
	EndGlobalSection
	GlobalSection(ProjectConfigurationPlatforms) = postSolution
		{69E72FCA-3BF0-4EEB-AB89-D348D48AB442}.Debug|Any CPU.ActiveCfg = Debug|Any CPU
		{69E72FCA-3BF0-4EEB-AB89-D348D48AB442}.Debug|Any CPU.Build.0 = Debug|Any CPU
		{69E72FCA-3BF0-4EEB-AB89-D348D48AB442}.Release|Any CPU.ActiveCfg = Release|Any CPU
		{69E72FCA-3BF0-4EEB-AB89-D348D48AB442}.Release|Any CPU.Build.0 = Release|Any CPU
	EndGlobalSection
	GlobalSection(SolutionProperties) = preSolution
		HideSolutionNode = FALSE
	EndGlobalSection
	GlobalSection(ExtensibilityGlobals) = postSolution
		SolutionGuid = {D53661C9-114E-416A-AF6C-C720A7C2F3D6}
	EndGlobalSection
EndGlobal
